# This file is automatically @generated by Cargo.
# It is not intended for manual editing.
version = 4

[[package]]
name = "mosschat"
version = "0.1.0"
dependencies = [
 "mosschat-core",
 "mosschat-door",
 "mosschat-net",
 "mosschat-tui",
]

[[package]]
name = "mosschat-core"
version = "0.1.0"

[[package]]
name = "mosschat-door"
version = "0.1.0"

[[package]]
name = "mosschat-net"
version = "0.1.0"

[[package]]
name = "mosschat-tui"
version = "0.1.0"
